
Microsoft Visual Studio Solution File, Format Version 12.00
# Visual Studio Version 17
VisualStudioVersion = 17.0.31903.59
MinimumVisualStudioVersion = 10.0.40219.1
Project("{2150E333-8FDC-42A3-9474-1A3956D46DE8}") = "src", "src", "{8E0780AC-1F7E-4764-A2D5-3C0CDBA9867A}"
EndProject
Project("{2150E333-8FDC-42A3-9474-1A3956D46DE8}") = "Apps", "Apps", "{A1B2C3D4-E5F6-7890-1234-567890ABCDEF}"
EndProject
Project("{2150E333-8FDC-42A3-9474-1A3956D46DE8}") = "Common", "Common", "{B1C2D3E4-F5A6-4B5C-8D9E-0F1A2B3C4D5E}"
EndProject
Project("{2150E333-8FDC-42A3-9474-1A3956D46DE8}") = "Modules", "Modules", "{C1D2E3F4-A5B6-4C5D-8E9F-0A1B2C3D4E5F}"
EndProject
Project("{FAE04EC0-301F-11D3-BF4B-00C04F79EFBC}") = "MTK.Api", "src\Apps\MTK.Api\MTK.Api.csproj", "{F6E5D4C3-B2A1-4D5E-9F8E-7D6C5B4A3F2E}"
EndProject
Project("{FAE04EC0-301F-11D3-BF4B-00C04F79EFBC}") = "MTK.Common.Domain", "src\Common\MTK.Common.Domain\MTK.Common.Domain.csproj", "{10203040-5060-7080-90A0-B0C0D0E0F010}"
EndProject
Project("{FAE04EC0-301F-11D3-BF4B-00C04F79EFBC}") = "MTK.Common.Application", "src\Common\MTK.Common.Application\MTK.Common.Application.csproj", "{20304050-6070-8090-A0B0-C0D0E0F01020}"
EndProject
Project("{FAE04EC0-301F-11D3-BF4B-00C04F79EFBC}") = "MTK.Common.Infrastructure", "src\Common\MTK.Common.Infrastructure\MTK.Common.Infrastructure.csproj", "{30405060-7080-90A0-B0C0-D0E0F0102030}"
EndProject
Project("{FAE04EC0-301F-11D3-BF4B-00C04F79EFBC}") = "MTK.Common.Presentation", "src\Common\MTK.Common.Presentation\MTK.Common.Presentation.csproj", "{40506070-8090-A0B0-C0D0-E0F010203040}"
EndProject
Project("{2150E333-8FDC-42A3-9474-1A3956D46DE8}") = "Identity", "Identity", "{777FF897-82A9-B92F-CF53-88681E1A7DFA}"
EndProject
Project("{FAE04EC0-301F-11D3-BF4B-00C04F79EFBC}") = "MTK.Modules.Identity.Domain", "src\Modules\Identity\MTK.Modules.Identity.Domain\MTK.Modules.Identity.Domain.csproj", "{BF1CB26E-77A5-4A20-B541-9AB8467C91CF}"
EndProject
Project("{FAE04EC0-301F-11D3-BF4B-00C04F79EFBC}") = "MTK.Modules.Identity.Application", "src\Modules\Identity\MTK.Modules.Identity.Application\MTK.Modules.Identity.Application.csproj", "{92B38F60-3418-4504-BEA6-2D7107953C62}"
EndProject
Project("{FAE04EC0-301F-11D3-BF4B-00C04F79EFBC}") = "MTK.Modules.Identity.Infrastructure", "src\Modules\Identity\MTK.Modules.Identity.Infrastructure\MTK.Modules.Identity.Infrastructure.csproj", "{0B1D1F68-95C5-4EEB-971E-D797E6C54E53}"
EndProject
Project("{FAE04EC0-301F-11D3-BF4B-00C04F79EFBC}") = "MTK.Modules.Identity.IntegrationEvents", "src\Modules\Identity\MTK.Modules.Identity.IntegrationEvents\MTK.Modules.Identity.IntegrationEvents.csproj", "{B1B39110-E94F-4E36-8B6F-B4FDF2ED13DD}"
EndProject
Project("{FAE04EC0-301F-11D3-BF4B-00C04F79EFBC}") = "MTK.Modules.Identity.Presentation", "src\Modules\Identity\MTK.Modules.Identity.Presentation\MTK.Modules.Identity.Presentation.csproj", "{6F87CC21-98F7-4BFE-8BA9-9C1B497A2795}"
EndProject
Project("{2150E333-8FDC-42A3-9474-1A3956D46DE8}") = "Buildings", "Buildings", "{D7A36F85-D0AA-A6AB-23F9-7D293C15A644}"
EndProject
Project("{FAE04EC0-301F-11D3-BF4B-00C04F79EFBC}") = "MTK.Modules.Buildings.Domain", "src\Modules\Buildings\MTK.Modules.Buildings.Domain\MTK.Modules.Buildings.Domain.csproj", "{6428C89C-3F5E-4145-8E17-ADCADF9672D1}"
EndProject
Project("{FAE04EC0-301F-11D3-BF4B-00C04F79EFBC}") = "MTK.Modules.Buildings.Application", "src\Modules\Buildings\MTK.Modules.Buildings.Application\MTK.Modules.Buildings.Application.csproj", "{AD3C9D6B-586E-4ED0-A5E6-3A40A483FE5B}"
EndProject
Project("{FAE04EC0-301F-11D3-BF4B-00C04F79EFBC}") = "MTK.Modules.Buildings.Infrastructure", "src\Modules\Buildings\MTK.Modules.Buildings.Infrastructure\MTK.Modules.Buildings.Infrastructure.csproj", "{7A6240DA-DB80-4905-A91E-CDD16C458EF4}"
EndProject
Project("{FAE04EC0-301F-11D3-BF4B-00C04F79EFBC}") = "MTK.Modules.Buildings.IntegrationEvents", "src\Modules\Buildings\MTK.Modules.Buildings.IntegrationEvents\MTK.Modules.Buildings.IntegrationEvents.csproj", "{D8D67224-2651-4F39-836B-A1CA850BBF0D}"
EndProject
Project("{FAE04EC0-301F-11D3-BF4B-00C04F79EFBC}") = "MTK.Modules.Buildings.Presentation", "src\Modules\Buildings\MTK.Modules.Buildings.Presentation\MTK.Modules.Buildings.Presentation.csproj", "{D2185F4C-EBC2-4442-9E3E-9F008816642F}"
EndProject
Global
	GlobalSection(SolutionConfigurationPlatforms) = preSolution
		Debug|Any CPU = Debug|Any CPU
		Debug|x64 = Debug|x64
		Debug|x86 = Debug|x86
		Release|Any CPU = Release|Any CPU
		Release|x64 = Release|x64
		Release|x86 = Release|x86
	EndGlobalSection
	GlobalSection(ProjectConfigurationPlatforms) = postSolution
		{F6E5D4C3-B2A1-4D5E-9F8E-7D6C5B4A3F2E}.Debug|Any CPU.ActiveCfg = Debug|Any CPU
		{F6E5D4C3-B2A1-4D5E-9F8E-7D6C5B4A3F2E}.Debug|Any CPU.Build.0 = Debug|Any CPU
		{F6E5D4C3-B2A1-4D5E-9F8E-7D6C5B4A3F2E}.Debug|x64.ActiveCfg = Debug|Any CPU
		{F6E5D4C3-B2A1-4D5E-9F8E-7D6C5B4A3F2E}.Debug|x64.Build.0 = Debug|Any CPU
		{F6E5D4C3-B2A1-4D5E-9F8E-7D6C5B4A3F2E}.Debug|x86.ActiveCfg = Debug|Any CPU
		{F6E5D4C3-B2A1-4D5E-9F8E-7D6C5B4A3F2E}.Debug|x86.Build.0 = Debug|Any CPU
		{F6E5D4C3-B2A1-4D5E-9F8E-7D6C5B4A3F2E}.Release|Any CPU.ActiveCfg = Release|Any CPU
		{F6E5D4C3-B2A1-4D5E-9F8E-7D6C5B4A3F2E}.Release|Any CPU.Build.0 = Release|Any CPU
		{F6E5D4C3-B2A1-4D5E-9F8E-7D6C5B4A3F2E}.Release|x64.ActiveCfg = Release|Any CPU
		{F6E5D4C3-B2A1-4D5E-9F8E-7D6C5B4A3F2E}.Release|x64.Build.0 = Release|Any CPU
		{F6E5D4C3-B2A1-4D5E-9F8E-7D6C5B4A3F2E}.Release|x86.ActiveCfg = Release|Any CPU
		{F6E5D4C3-B2A1-4D5E-9F8E-7D6C5B4A3F2E}.Release|x86.Build.0 = Release|Any CPU
		{10203040-5060-7080-90A0-B0C0D0E0F010}.Debug|Any CPU.ActiveCfg = Debug|Any CPU
		{10203040-5060-7080-90A0-B0C0D0E0F010}.Debug|Any CPU.Build.0 = Debug|Any CPU
		{10203040-5060-7080-90A0-B0C0D0E0F010}.Debug|x64.ActiveCfg = Debug|Any CPU
		{10203040-5060-7080-90A0-B0C0D0E0F010}.Debug|x64.Build.0 = Debug|Any CPU
		{10203040-5060-7080-90A0-B0C0D0E0F010}.Debug|x86.ActiveCfg = Debug|Any CPU
		{10203040-5060-7080-90A0-B0C0D0E0F010}.Debug|x86.Build.0 = Debug|Any CPU
		{10203040-5060-7080-90A0-B0C0D0E0F010}.Release|Any CPU.ActiveCfg = Release|Any CPU
		{10203040-5060-7080-90A0-B0C0D0E0F010}.Release|Any CPU.Build.0 = Release|Any CPU
		{10203040-5060-7080-90A0-B0C0D0E0F010}.Release|x64.ActiveCfg = Release|Any CPU
		{10203040-5060-7080-90A0-B0C0D0E0F010}.Release|x64.Build.0 = Release|Any CPU
		{10203040-5060-7080-90A0-B0C0D0E0F010}.Release|x86.ActiveCfg = Release|Any CPU
		{10203040-5060-7080-90A0-B0C0D0E0F010}.Release|x86.Build.0 = Release|Any CPU
		{20304050-6070-8090-A0B0-C0D0E0F01020}.Debug|Any CPU.ActiveCfg = Debug|Any CPU
		{20304050-6070-8090-A0B0-C0D0E0F01020}.Debug|Any CPU.Build.0 = Debug|Any CPU
		{20304050-6070-8090-A0B0-C0D0E0F01020}.Debug|x64.ActiveCfg = Debug|Any CPU
		{20304050-6070-8090-A0B0-C0D0E0F01020}.Debug|x64.Build.0 = Debug|Any CPU
		{20304050-6070-8090-A0B0-C0D0E0F01020}.Debug|x86.ActiveCfg = Debug|Any CPU
		{20304050-6070-8090-A0B0-C0D0E0F01020}.Debug|x86.Build.0 = Debug|Any CPU
		{20304050-6070-8090-A0B0-C0D0E0F01020}.Release|Any CPU.ActiveCfg = Release|Any CPU
		{20304050-6070-8090-A0B0-C0D0E0F01020}.Release|Any CPU.Build.0 = Release|Any CPU
		{20304050-6070-8090-A0B0-C0D0E0F01020}.Release|x64.ActiveCfg = Release|Any CPU
		{20304050-6070-8090-A0B0-C0D0E0F01020}.Release|x64.Build.0 = Release|Any CPU
		{20304050-6070-8090-A0B0-C0D0E0F01020}.Release|x86.ActiveCfg = Release|Any CPU
		{20304050-6070-8090-A0B0-C0D0E0F01020}.Release|x86.Build.0 = Release|Any CPU
		{30405060-7080-90A0-B0C0-D0E0F0102030}.Debug|Any CPU.ActiveCfg = Debug|Any CPU
		{30405060-7080-90A0-B0C0-D0E0F0102030}.Debug|Any CPU.Build.0 = Debug|Any CPU
		{30405060-7080-90A0-B0C0-D0E0F0102030}.Debug|x64.ActiveCfg = Debug|Any CPU
		{30405060-7080-90A0-B0C0-D0E0F0102030}.Debug|x64.Build.0 = Debug|Any CPU
		{30405060-7080-90A0-B0C0-D0E0F0102030}.Debug|x86.ActiveCfg = Debug|Any CPU
		{30405060-7080-90A0-B0C0-D0E0F0102030}.Debug|x86.Build.0 = Debug|Any CPU
		{30405060-7080-90A0-B0C0-D0E0F0102030}.Release|Any CPU.ActiveCfg = Release|Any CPU
		{30405060-7080-90A0-B0C0-D0E0F0102030}.Release|Any CPU.Build.0 = Release|Any CPU
		{30405060-7080-90A0-B0C0-D0E0F0102030}.Release|x64.ActiveCfg = Release|Any CPU
		{30405060-7080-90A0-B0C0-D0E0F0102030}.Release|x64.Build.0 = Release|Any CPU
		{30405060-7080-90A0-B0C0-D0E0F0102030}.Release|x86.ActiveCfg = Release|Any CPU
		{30405060-7080-90A0-B0C0-D0E0F0102030}.Release|x86.Build.0 = Release|Any CPU
		{40506070-8090-A0B0-C0D0-E0F010203040}.Debug|Any CPU.ActiveCfg = Debug|Any CPU
		{40506070-8090-A0B0-C0D0-E0F010203040}.Debug|Any CPU.Build.0 = Debug|Any CPU
		{40506070-8090-A0B0-C0D0-E0F010203040}.Debug|x64.ActiveCfg = Debug|Any CPU
		{40506070-8090-A0B0-C0D0-E0F010203040}.Debug|x64.Build.0 = Debug|Any CPU
		{40506070-8090-A0B0-C0D0-E0F010203040}.Debug|x86.ActiveCfg = Debug|Any CPU
		{40506070-8090-A0B0-C0D0-E0F010203040}.Debug|x86.Build.0 = Debug|Any CPU
		{40506070-8090-A0B0-C0D0-E0F010203040}.Release|Any CPU.ActiveCfg = Release|Any CPU
		{40506070-8090-A0B0-C0D0-E0F010203040}.Release|Any CPU.Build.0 = Release|Any CPU
		{40506070-8090-A0B0-C0D0-E0F010203040}.Release|x64.ActiveCfg = Release|Any CPU
		{40506070-8090-A0B0-C0D0-E0F010203040}.Release|x64.Build.0 = Release|Any CPU
		{40506070-8090-A0B0-C0D0-E0F010203040}.Release|x86.ActiveCfg = Release|Any CPU
		{40506070-8090-A0B0-C0D0-E0F010203040}.Release|x86.Build.0 = Release|Any CPU
		{BF1CB26E-77A5-4A20-B541-9AB8467C91CF}.Debug|Any CPU.ActiveCfg = Debug|Any CPU
		{BF1CB26E-77A5-4A20-B541-9AB8467C91CF}.Debug|Any CPU.Build.0 = Debug|Any CPU
		{BF1CB26E-77A5-4A20-B541-9AB8467C91CF}.Debug|x64.ActiveCfg = Debug|Any CPU
		{BF1CB26E-77A5-4A20-B541-9AB8467C91CF}.Debug|x64.Build.0 = Debug|Any CPU
		{BF1CB26E-77A5-4A20-B541-9AB8467C91CF}.Debug|x86.ActiveCfg = Debug|Any CPU
		{BF1CB26E-77A5-4A20-B541-9AB8467C91CF}.Debug|x86.Build.0 = Debug|Any CPU
		{BF1CB26E-77A5-4A20-B541-9AB8467C91CF}.Release|Any CPU.ActiveCfg = Release|Any CPU
		{BF1CB26E-77A5-4A20-B541-9AB8467C91CF}.Release|Any CPU.Build.0 = Release|Any CPU
		{BF1CB26E-77A5-4A20-B541-9AB8467C91CF}.Release|x64.ActiveCfg = Release|Any CPU
		{BF1CB26E-77A5-4A20-B541-9AB8467C91CF}.Release|x64.Build.0 = Release|Any CPU
		{BF1CB26E-77A5-4A20-B541-9AB8467C91CF}.Release|x86.ActiveCfg = Release|Any CPU
		{BF1CB26E-77A5-4A20-B541-9AB8467C91CF}.Release|x86.Build.0 = Release|Any CPU
		{92B38F60-3418-4504-BEA6-2D7107953C62}.Debug|Any CPU.ActiveCfg = Debug|Any CPU
		{92B38F60-3418-4504-BEA6-2D7107953C62}.Debug|Any CPU.Build.0 = Debug|Any CPU
		{92B38F60-3418-4504-BEA6-2D7107953C62}.Debug|x64.ActiveCfg = Debug|Any CPU
		{92B38F60-3418-4504-BEA6-2D7107953C62}.Debug|x64.Build.0 = Debug|Any CPU
		{92B38F60-3418-4504-BEA6-2D7107953C62}.Debug|x86.ActiveCfg = Debug|Any CPU
		{92B38F60-3418-4504-BEA6-2D7107953C62}.Debug|x86.Build.0 = Debug|Any CPU
		{92B38F60-3418-4504-BEA6-2D7107953C62}.Release|Any CPU.ActiveCfg = Release|Any CPU
		{92B38F60-3418-4504-BEA6-2D7107953C62}.Release|Any CPU.Build.0 = Release|Any CPU
		{92B38F60-3418-4504-BEA6-2D7107953C62}.Release|x64.ActiveCfg = Release|Any CPU
		{92B38F60-3418-4504-BEA6-2D7107953C62}.Release|x64.Build.0 = Release|Any CPU
		{92B38F60-3418-4504-BEA6-2D7107953C62}.Release|x86.ActiveCfg = Release|Any CPU
		{92B38F60-3418-4504-BEA6-2D7107953C62}.Release|x86.Build.0 = Release|Any CPU
		{0B1D1F68-95C5-4EEB-971E-D797E6C54E53}.Debug|Any CPU.ActiveCfg = Debug|Any CPU
		{0B1D1F68-95C5-4EEB-971E-D797E6C54E53}.Debug|Any CPU.Build.0 = Debug|Any CPU
		{0B1D1F68-95C5-4EEB-971E-D797E6C54E53}.Debug|x64.ActiveCfg = Debug|Any CPU
		{0B1D1F68-95C5-4EEB-971E-D797E6C54E53}.Debug|x64.Build.0 = Debug|Any CPU
		{0B1D1F68-95C5-4EEB-971E-D797E6C54E53}.Debug|x86.ActiveCfg = Debug|Any CPU
		{0B1D1F68-95C5-4EEB-971E-D797E6C54E53}.Debug|x86.Build.0 = Debug|Any CPU
		{0B1D1F68-95C5-4EEB-971E-D797E6C54E53}.Release|Any CPU.ActiveCfg = Release|Any CPU
		{0B1D1F68-95C5-4EEB-971E-D797E6C54E53}.Release|Any CPU.Build.0 = Release|Any CPU
		{0B1D1F68-95C5-4EEB-971E-D797E6C54E53}.Release|x64.ActiveCfg = Release|Any CPU
		{0B1D1F68-95C5-4EEB-971E-D797E6C54E53}.Release|x64.Build.0 = Release|Any CPU
		{0B1D1F68-95C5-4EEB-971E-D797E6C54E53}.Release|x86.ActiveCfg = Release|Any CPU
		{0B1D1F68-95C5-4EEB-971E-D797E6C54E53}.Release|x86.Build.0 = Release|Any CPU
		{B1B39110-E94F-4E36-8B6F-B4FDF2ED13DD}.Debug|Any CPU.ActiveCfg = Debug|Any CPU
		{B1B39110-E94F-4E36-8B6F-B4FDF2ED13DD}.Debug|Any CPU.Build.0 = Debug|Any CPU
		{B1B39110-E94F-4E36-8B6F-B4FDF2ED13DD}.Debug|x64.ActiveCfg = Debug|Any CPU
		{B1B39110-E94F-4E36-8B6F-B4FDF2ED13DD}.Debug|x64.Build.0 = Debug|Any CPU
		{B1B39110-E94F-4E36-8B6F-B4FDF2ED13DD}.Debug|x86.ActiveCfg = Debug|Any CPU
		{B1B39110-E94F-4E36-8B6F-B4FDF2ED13DD}.Debug|x86.Build.0 = Debug|Any CPU
		{B1B39110-E94F-4E36-8B6F-B4FDF2ED13DD}.Release|Any CPU.ActiveCfg = Release|Any CPU
		{B1B39110-E94F-4E36-8B6F-B4FDF2ED13DD}.Release|Any CPU.Build.0 = Release|Any CPU
		{B1B39110-E94F-4E36-8B6F-B4FDF2ED13DD}.Release|x64.ActiveCfg = Release|Any CPU
		{B1B39110-E94F-4E36-8B6F-B4FDF2ED13DD}.Release|x64.Build.0 = Release|Any CPU
		{B1B39110-E94F-4E36-8B6F-B4FDF2ED13DD}.Release|x86.ActiveCfg = Release|Any CPU
		{B1B39110-E94F-4E36-8B6F-B4FDF2ED13DD}.Release|x86.Build.0 = Release|Any CPU
		{6F87CC21-98F7-4BFE-8BA9-9C1B497A2795}.Debug|Any CPU.ActiveCfg = Debug|Any CPU
		{6F87CC21-98F7-4BFE-8BA9-9C1B497A2795}.Debug|Any CPU.Build.0 = Debug|Any CPU
		{6F87CC21-98F7-4BFE-8BA9-9C1B497A2795}.Debug|x64.ActiveCfg = Debug|Any CPU
		{6F87CC21-98F7-4BFE-8BA9-9C1B497A2795}.Debug|x64.Build.0 = Debug|Any CPU
		{6F87CC21-98F7-4BFE-8BA9-9C1B497A2795}.Debug|x86.ActiveCfg = Debug|Any CPU
		{6F87CC21-98F7-4BFE-8BA9-9C1B497A2795}.Debug|x86.Build.0 = Debug|Any CPU
		{6F87CC21-98F7-4BFE-8BA9-9C1B497A2795}.Release|Any CPU.ActiveCfg = Release|Any CPU
		{6F87CC21-98F7-4BFE-8BA9-9C1B497A2795}.Release|Any CPU.Build.0 = Release|Any CPU
		{6F87CC21-98F7-4BFE-8BA9-9C1B497A2795}.Release|x64.ActiveCfg = Release|Any CPU
		{6F87CC21-98F7-4BFE-8BA9-9C1B497A2795}.Release|x64.Build.0 = Release|Any CPU
		{6F87CC21-98F7-4BFE-8BA9-9C1B497A2795}.Release|x86.ActiveCfg = Release|Any CPU
		{6F87CC21-98F7-4BFE-8BA9-9C1B497A2795}.Release|x86.Build.0 = Release|Any CPU
		{6428C89C-3F5E-4145-8E17-ADCADF9672D1}.Debug|Any CPU.ActiveCfg = Debug|Any CPU
		{6428C89C-3F5E-4145-8E17-ADCADF9672D1}.Debug|Any CPU.Build.0 = Debug|Any CPU
		{6428C89C-3F5E-4145-8E17-ADCADF9672D1}.Debug|x64.ActiveCfg = Debug|Any CPU
		{6428C89C-3F5E-4145-8E17-ADCADF9672D1}.Debug|x64.Build.0 = Debug|Any CPU
		{6428C89C-3F5E-4145-8E17-ADCADF9672D1}.Debug|x86.ActiveCfg = Debug|Any CPU
		{6428C89C-3F5E-4145-8E17-ADCADF9672D1}.Debug|x86.Build.0 = Debug|Any CPU
		{6428C89C-3F5E-4145-8E17-ADCADF9672D1}.Release|Any CPU.ActiveCfg = Release|Any CPU
		{6428C89C-3F5E-4145-8E17-ADCADF9672D1}.Release|Any CPU.Build.0 = Release|Any CPU
		{6428C89C-3F5E-4145-8E17-ADCADF9672D1}.Release|x64.ActiveCfg = Release|Any CPU
		{6428C89C-3F5E-4145-8E17-ADCADF9672D1}.Release|x64.Build.0 = Release|Any CPU
		{6428C89C-3F5E-4145-8E17-ADCADF9672D1}.Release|x86.ActiveCfg = Release|Any CPU
		{6428C89C-3F5E-4145-8E17-ADCADF9672D1}.Release|x86.Build.0 = Release|Any CPU
		{AD3C9D6B-586E-4ED0-A5E6-3A40A483FE5B}.Debug|Any CPU.ActiveCfg = Debug|Any CPU
		{AD3C9D6B-586E-4ED0-A5E6-3A40A483FE5B}.Debug|Any CPU.Build.0 = Debug|Any CPU
		{AD3C9D6B-586E-4ED0-A5E6-3A40A483FE5B}.Debug|x64.ActiveCfg = Debug|Any CPU
		{AD3C9D6B-586E-4ED0-A5E6-3A40A483FE5B}.Debug|x64.Build.0 = Debug|Any CPU
		{AD3C9D6B-586E-4ED0-A5E6-3A40A483FE5B}.Debug|x86.ActiveCfg = Debug|Any CPU
		{AD3C9D6B-586E-4ED0-A5E6-3A40A483FE5B}.Debug|x86.Build.0 = Debug|Any CPU
		{AD3C9D6B-586E-4ED0-A5E6-3A40A483FE5B}.Release|Any CPU.ActiveCfg = Release|Any CPU
		{AD3C9D6B-586E-4ED0-A5E6-3A40A483FE5B}.Release|Any CPU.Build.0 = Release|Any CPU
		{AD3C9D6B-586E-4ED0-A5E6-3A40A483FE5B}.Release|x64.ActiveCfg = Release|Any CPU
		{AD3C9D6B-586E-4ED0-A5E6-3A40A483FE5B}.Release|x64.Build.0 = Release|Any CPU
		{AD3C9D6B-586E-4ED0-A5E6-3A40A483FE5B}.Release|x86.ActiveCfg = Release|Any CPU
		{AD3C9D6B-586E-4ED0-A5E6-3A40A483FE5B}.Release|x86.Build.0 = Release|Any CPU
		{7A6240DA-DB80-4905-A91E-CDD16C458EF4}.Debug|Any CPU.ActiveCfg = Debug|Any CPU
		{7A6240DA-DB80-4905-A91E-CDD16C458EF4}.Debug|Any CPU.Build.0 = Debug|Any CPU
		{7A6240DA-DB80-4905-A91E-CDD16C458EF4}.Debug|x64.ActiveCfg = Debug|Any CPU
		{7A6240DA-DB80-4905-A91E-CDD16C458EF4}.Debug|x64.Build.0 = Debug|Any CPU
		{7A6240DA-DB80-4905-A91E-CDD16C458EF4}.Debug|x86.ActiveCfg = Debug|Any CPU
		{7A6240DA-DB80-4905-A91E-CDD16C458EF4}.Debug|x86.Build.0 = Debug|Any CPU
		{7A6240DA-DB80-4905-A91E-CDD16C458EF4}.Release|Any CPU.ActiveCfg = Release|Any CPU
		{7A6240DA-DB80-4905-A91E-CDD16C458EF4}.Release|Any CPU.Build.0 = Release|Any CPU
		{7A6240DA-DB80-4905-A91E-CDD16C458EF4}.Release|x64.ActiveCfg = Release|Any CPU
		{7A6240DA-DB80-4905-A91E-CDD16C458EF4}.Release|x64.Build.0 = Release|Any CPU
		{7A6240DA-DB80-4905-A91E-CDD16C458EF4}.Release|x86.ActiveCfg = Release|Any CPU
		{7A6240DA-DB80-4905-A91E-CDD16C458EF4}.Release|x86.Build.0 = Release|Any CPU
		{D8D67224-2651-4F39-836B-A1CA850BBF0D}.Debug|Any CPU.ActiveCfg = Debug|Any CPU
		{D8D67224-2651-4F39-836B-A1CA850BBF0D}.Debug|Any CPU.Build.0 = Debug|Any CPU
		{D8D67224-2651-4F39-836B-A1CA850BBF0D}.Debug|x64.ActiveCfg = Debug|Any CPU
		{D8D67224-2651-4F39-836B-A1CA850BBF0D}.Debug|x64.Build.0 = Debug|Any CPU
		{D8D67224-2651-4F39-836B-A1CA850BBF0D}.Debug|x86.ActiveCfg = Debug|Any CPU
		{D8D67224-2651-4F39-836B-A1CA850BBF0D}.Debug|x86.Build.0 = Debug|Any CPU
		{D8D67224-2651-4F39-836B-A1CA850BBF0D}.Release|Any CPU.ActiveCfg = Release|Any CPU
		{D8D67224-2651-4F39-836B-A1CA850BBF0D}.Release|Any CPU.Build.0 = Release|Any CPU
		{D8D67224-2651-4F39-836B-A1CA850BBF0D}.Release|x64.ActiveCfg = Release|Any CPU
		{D8D67224-2651-4F39-836B-A1CA850BBF0D}.Release|x64.Build.0 = Release|Any CPU
		{D8D67224-2651-4F39-836B-A1CA850BBF0D}.Release|x86.ActiveCfg = Release|Any CPU
		{D8D67224-2651-4F39-836B-A1CA850BBF0D}.Release|x86.Build.0 = Release|Any CPU
		{D2185F4C-EBC2-4442-9E3E-9F008816642F}.Debug|Any CPU.ActiveCfg = Debug|Any CPU
		{D2185F4C-EBC2-4442-9E3E-9F008816642F}.Debug|Any CPU.Build.0 = Debug|Any CPU
		{D2185F4C-EBC2-4442-9E3E-9F008816642F}.Debug|x64.ActiveCfg = Debug|Any CPU
		{D2185F4C-EBC2-4442-9E3E-9F008816642F}.Debug|x64.Build.0 = Debug|Any CPU
		{D2185F4C-EBC2-4442-9E3E-9F008816642F}.Debug|x86.ActiveCfg = Debug|Any CPU
		{D2185F4C-EBC2-4442-9E3E-9F008816642F}.Debug|x86.Build.0 = Debug|Any CPU
		{D2185F4C-EBC2-4442-9E3E-9F008816642F}.Release|Any CPU.ActiveCfg = Release|Any CPU
		{D2185F4C-EBC2-4442-9E3E-9F008816642F}.Release|Any CPU.Build.0 = Release|Any CPU
		{D2185F4C-EBC2-4442-9E3E-9F008816642F}.Release|x64.ActiveCfg = Release|Any CPU
		{D2185F4C-EBC2-4442-9E3E-9F008816642F}.Release|x64.Build.0 = Release|Any CPU
		{D2185F4C-EBC2-4442-9E3E-9F008816642F}.Release|x86.ActiveCfg = Release|Any CPU
		{D2185F4C-EBC2-4442-9E3E-9F008816642F}.Release|x86.Build.0 = Release|Any CPU
	EndGlobalSection
	GlobalSection(SolutionProperties) = preSolution
		HideSolutionNode = FALSE
	EndGlobalSection
	GlobalSection(NestedProjects) = preSolution
		{A1B2C3D4-E5F6-7890-1234-567890ABCDEF} = {8E0780AC-1F7E-4764-A2D5-3C0CDBA9867A}
		{B1C2D3E4-F5A6-4B5C-8D9E-0F1A2B3C4D5E} = {8E0780AC-1F7E-4764-A2D5-3C0CDBA9867A}
		{C1D2E3F4-A5B6-4C5D-8E9F-0A1B2C3D4E5F} = {8E0780AC-1F7E-4764-A2D5-3C0CDBA9867A}
		{F6E5D4C3-B2A1-4D5E-9F8E-7D6C5B4A3F2E} = {A1B2C3D4-E5F6-7890-1234-567890ABCDEF}
		{10203040-5060-7080-90A0-B0C0D0E0F010} = {B1C2D3E4-F5A6-4B5C-8D9E-0F1A2B3C4D5E}
		{20304050-6070-8090-A0B0-C0D0E0F01020} = {B1C2D3E4-F5A6-4B5C-8D9E-0F1A2B3C4D5E}
		{30405060-7080-90A0-B0C0-D0E0F0102030} = {B1C2D3E4-F5A6-4B5C-8D9E-0F1A2B3C4D5E}
		{40506070-8090-A0B0-C0D0-E0F010203040} = {B1C2D3E4-F5A6-4B5C-8D9E-0F1A2B3C4D5E}
		{777FF897-82A9-B92F-CF53-88681E1A7DFA} = {C1D2E3F4-A5B6-4C5D-8E9F-0A1B2C3D4E5F}
		{BF1CB26E-77A5-4A20-B541-9AB8467C91CF} = {777FF897-82A9-B92F-CF53-88681E1A7DFA}
		{92B38F60-3418-4504-BEA6-2D7107953C62} = {777FF897-82A9-B92F-CF53-88681E1A7DFA}
		{0B1D1F68-95C5-4EEB-971E-D797E6C54E53} = {777FF897-82A9-B92F-CF53-88681E1A7DFA}
		{B1B39110-E94F-4E36-8B6F-B4FDF2ED13DD} = {777FF897-82A9-B92F-CF53-88681E1A7DFA}
		{6F87CC21-98F7-4BFE-8BA9-9C1B497A2795} = {777FF897-82A9-B92F-CF53-88681E1A7DFA}
		{D7A36F85-D0AA-A6AB-23F9-7D293C15A644} = {C1D2E3F4-A5B6-4C5D-8E9F-0A1B2C3D4E5F}
		{6428C89C-3F5E-4145-8E17-ADCADF9672D1} = {D7A36F85-D0AA-A6AB-23F9-7D293C15A644}
		{AD3C9D6B-586E-4ED0-A5E6-3A40A483FE5B} = {D7A36F85-D0AA-A6AB-23F9-7D293C15A644}
		{7A6240DA-DB80-4905-A91E-CDD16C458EF4} = {D7A36F85-D0AA-A6AB-23F9-7D293C15A644}
		{D8D67224-2651-4F39-836B-A1CA850BBF0D} = {D7A36F85-D0AA-A6AB-23F9-7D293C15A644}
		{D2185F4C-EBC2-4442-9E3E-9F008816642F} = {D7A36F85-D0AA-A6AB-23F9-7D293C15A644}
	EndGlobalSection
EndGlobal
